
Microsoft Visual Studio Solution File, Format Version 12.00
# Visual Studio Version 16
VisualStudioVersion = 16.0.30114.105
MinimumVisualStudioVersion = 10.0.40219.1
Project("{2150E333-8FDC-42A3-9474-1A3956D46DE8}") = "src", "src", "{1395E60A-6C1D-4610-B855-A8C9261FC3B1}"
EndProject
Project("{FAE04EC0-301F-11D3-BF4B-00C04F79EFBC}") = "LambdaBot", "src\LambdaBot\LambdaBot.csproj", "{39D1A962-30E2-4FB0-BEA1-D909AD026653}"
EndProject
Global
	GlobalSection(SolutionConfigurationPlatforms) = preSolution
		Debug|Any CPU = Debug|Any CPU
		Release|Any CPU = Release|Any CPU
	EndGlobalSection
	GlobalSection(SolutionProperties) = preSolution
		HideSolutionNode = FALSE
	EndGlobalSection
	GlobalSection(ProjectConfigurationPlatforms) = postSolution
		{39D1A962-30E2-4FB0-BEA1-D909AD026653}.Debug|Any CPU.ActiveCfg = Debug|Any CPU
		{39D1A962-30E2-4FB0-BEA1-D909AD026653}.Debug|Any CPU.Build.0 = Debug|Any CPU
		{39D1A962-30E2-4FB0-BEA1-D909AD026653}.Release|Any CPU.ActiveCfg = Release|Any CPU
		{39D1A962-30E2-4FB0-BEA1-D909AD026653}.Release|Any CPU.Build.0 = Release|Any CPU
	EndGlobalSection
	GlobalSection(NestedProjects) = preSolution
		{39D1A962-30E2-4FB0-BEA1-D909AD026653} = {1395E60A-6C1D-4610-B855-A8C9261FC3B1}
	EndGlobalSection
EndGlobal
